
Microsoft Visual Studio Solution File, Format Version 12.00
# Visual Studio Version 17
VisualStudioVersion = 17.7.34302.85
MinimumVisualStudioVersion = 10.0.40219.1
Project("{9A19103F-16F7-4668-BE54-9A1E7A4F7556}") = "WebApiCadaGotaCuenta", "WebApiCadaGotaCuenta\WebApiCadaGotaCuenta.csproj", "{BB1F3179-61E7-440C-92D4-298EE37EE39D}"
EndProject
Project("{FAE04EC0-301F-11D3-BF4B-00C04F79EFBC}") = "CapaAplicacion", "CapaAplicacion\CapaAplicacion.csproj", "{939E2BE7-8D1A-4DFE-9A81-9ED6F92D9C7B}"
EndProject
Project("{FAE04EC0-301F-11D3-BF4B-00C04F79EFBC}") = "CapaInfraestructura", "CapaInfraestructura\CapaInfraestructura.csproj", "{524F0263-2B46-41DA-A14A-244EE64C87B8}"
EndProject
Project("{FAE04EC0-301F-11D3-BF4B-00C04F79EFBC}") = "CapaDominio", "CapaDominio\CapaDominio.csproj", "{9627ADA5-BB84-4662-942D-3CA8FE456679}"
EndProject
Project("{FAE04EC0-301F-11D3-BF4B-00C04F79EFBC}") = "CapaWebUI", "CapaWebUI\CapaWebUI.csproj", "{0FBD971C-8F23-4C07-BE3C-492C948C2B66}"
EndProject
Global
	GlobalSection(SolutionConfigurationPlatforms) = preSolution
		Debug|Any CPU = Debug|Any CPU
		Release|Any CPU = Release|Any CPU
	EndGlobalSection
	GlobalSection(ProjectConfigurationPlatforms) = postSolution
		{BB1F3179-61E7-440C-92D4-298EE37EE39D}.Debug|Any CPU.ActiveCfg = Debug|Any CPU
		{BB1F3179-61E7-440C-92D4-298EE37EE39D}.Debug|Any CPU.Build.0 = Debug|Any CPU
		{BB1F3179-61E7-440C-92D4-298EE37EE39D}.Release|Any CPU.ActiveCfg = Release|Any CPU
		{BB1F3179-61E7-440C-92D4-298EE37EE39D}.Release|Any CPU.Build.0 = Release|Any CPU
		{939E2BE7-8D1A-4DFE-9A81-9ED6F92D9C7B}.Debug|Any CPU.ActiveCfg = Debug|Any CPU
		{939E2BE7-8D1A-4DFE-9A81-9ED6F92D9C7B}.Debug|Any CPU.Build.0 = Debug|Any CPU
		{939E2BE7-8D1A-4DFE-9A81-9ED6F92D9C7B}.Release|Any CPU.ActiveCfg = Release|Any CPU
		{939E2BE7-8D1A-4DFE-9A81-9ED6F92D9C7B}.Release|Any CPU.Build.0 = Release|Any CPU
		{524F0263-2B46-41DA-A14A-244EE64C87B8}.Debug|Any CPU.ActiveCfg = Debug|Any CPU
		{524F0263-2B46-41DA-A14A-244EE64C87B8}.Debug|Any CPU.Build.0 = Debug|Any CPU
		{524F0263-2B46-41DA-A14A-244EE64C87B8}.Release|Any CPU.ActiveCfg = Release|Any CPU
		{524F0263-2B46-41DA-A14A-244EE64C87B8}.Release|Any CPU.Build.0 = Release|Any CPU
		{9627ADA5-BB84-4662-942D-3CA8FE456679}.Debug|Any CPU.ActiveCfg = Debug|Any CPU
		{9627ADA5-BB84-4662-942D-3CA8FE456679}.Debug|Any CPU.Build.0 = Debug|Any CPU
		{9627ADA5-BB84-4662-942D-3CA8FE456679}.Release|Any CPU.ActiveCfg = Release|Any CPU
		{9627ADA5-BB84-4662-942D-3CA8FE456679}.Release|Any CPU.Build.0 = Release|Any CPU
		{0FBD971C-8F23-4C07-BE3C-492C948C2B66}.Debug|Any CPU.ActiveCfg = Debug|Any CPU
		{0FBD971C-8F23-4C07-BE3C-492C948C2B66}.Debug|Any CPU.Build.0 = Debug|Any CPU
		{0FBD971C-8F23-4C07-BE3C-492C948C2B66}.Release|Any CPU.ActiveCfg = Release|Any CPU
		{0FBD971C-8F23-4C07-BE3C-492C948C2B66}.Release|Any CPU.Build.0 = Release|Any CPU
	EndGlobalSection
	GlobalSection(SolutionProperties) = preSolution
		HideSolutionNode = FALSE
	EndGlobalSection
	GlobalSection(ExtensibilityGlobals) = postSolution
		SolutionGuid = {2FEDC6FE-02A3-4CF9-9135-92BB9C662801}
	EndGlobalSection
EndGlobal
